
Microsoft Visual Studio Solution File, Format Version 12.00
# Visual Studio 15
VisualStudioVersion = 15.0.28307.102
MinimumVisualStudioVersion = 10.0.40219.1
Project("{FAE04EC0-301F-11D3-BF4B-00C04F79EFBC}") = "CardGame", "CardGame\CardGame.csproj", "{22712581-30BB-4152-9591-1A81CB06341E}"
EndProject
Global
	GlobalSection(SolutionConfigurationPlatforms) = preSolution
		Debug|Any CPU = Debug|Any CPU
		Release|Any CPU = Release|Any CPU
	EndGlobalSection
	GlobalSection(ProjectConfigurationPlatforms) = postSolution
		{22712581-30BB-4152-9591-1A81CB06341E}.Debug|Any CPU.ActiveCfg = Debug|Any CPU
		{22712581-30BB-4152-9591-1A81CB06341E}.Debug|Any CPU.Build.0 = Debug|Any CPU
		{22712581-30BB-4152-9591-1A81CB06341E}.Release|Any CPU.ActiveCfg = Release|Any CPU
		{22712581-30BB-4152-9591-1A81CB06341E}.Release|Any CPU.Build.0 = Release|Any CPU
	EndGlobalSection
	GlobalSection(SolutionProperties) = preSolution
		HideSolutionNode = FALSE
	EndGlobalSection
	GlobalSection(ExtensibilityGlobals) = postSolution
		SolutionGuid = {16D10BB5-104C-4825-9812-758B81AC8E6A}
	EndGlobalSection
EndGlobal
